// !$*UTF8*$!
{
	archiveVersion = 1;
	classes = {
	};
	objectVersion = 56;
	objects = {

/* Begin PBXBuildFile section */
		415B86812BD6B2B400A4BBFE /* TrackerModel.xcdatamodeld in Sources */ = {isa = PBXBuildFile; fileRef = 415B867F2BD6B2B400A4BBFE /* TrackerModel.xcdatamodeld */; };
		4163DAC02BD057EF00D05B41 /* CreateEventAndHabbitFactoryExtensions.swift in Sources */ = {isa = PBXBuildFile; fileRef = 4163DABF2BD057EF00D05B41 /* CreateEventAndHabbitFactoryExtensions.swift */; };
		4163DAC22BD2832D00D05B41 /* CreateEventAndHabbitProtocol.swift in Sources */ = {isa = PBXBuildFile; fileRef = 4163DAC12BD2832D00D05B41 /* CreateEventAndHabbitProtocol.swift */; };
		4163DAC42BD569AC00D05B41 /* EmojiAndColorViewCell.swift in Sources */ = {isa = PBXBuildFile; fileRef = 4163DAC32BD569AC00D05B41 /* EmojiAndColorViewCell.swift */; };
		4163DAC62BD56C3600D05B41 /* UIColorExtensions.swift in Sources */ = {isa = PBXBuildFile; fileRef = 4163DAC52BD56C3600D05B41 /* UIColorExtensions.swift */; };
		4168FFD22B9B86B4005EC9A4 /* TabBarController.swift in Sources */ = {isa = PBXBuildFile; fileRef = 4168FFD12B9B86B4005EC9A4 /* TabBarController.swift */; };
		4168FFD42B9B8860005EC9A4 /* StatisticViewController.swift in Sources */ = {isa = PBXBuildFile; fileRef = 4168FFD32B9B8860005EC9A4 /* StatisticViewController.swift */; };
		4168FFD62B9B8BCA005EC9A4 /* TrackersViewController.swift in Sources */ = {isa = PBXBuildFile; fileRef = 4168FFD52B9B8BCA005EC9A4 /* TrackersViewController.swift */; };
		4168FFD92B9C7A1B005EC9A4 /* SplashViewController.swift in Sources */ = {isa = PBXBuildFile; fileRef = 4168FFD82B9C7A1B005EC9A4 /* SplashViewController.swift */; };
		4168FFDB2B9C7C9E005EC9A4 /* OnboardingViewController.swift in Sources */ = {isa = PBXBuildFile; fileRef = 4168FFDA2B9C7C9E005EC9A4 /* OnboardingViewController.swift */; };
		41811A972BA358EC00339440 /* TrackerModel.swift in Sources */ = {isa = PBXBuildFile; fileRef = 41811A962BA358EC00339440 /* TrackerModel.swift */; };
		41811A992BA3597100339440 /* TrackerCategoryModel.swift in Sources */ = {isa = PBXBuildFile; fileRef = 41811A982BA3597100339440 /* TrackerCategoryModel.swift */; };
		41811A9C2BA359BE00339440 /* TrackerRecordModel.swift in Sources */ = {isa = PBXBuildFile; fileRef = 41811A9B2BA359BE00339440 /* TrackerRecordModel.swift */; };
		418602CA2BB950070085BF1A /* SupplementaryView.swift in Sources */ = {isa = PBXBuildFile; fileRef = 418602C92BB950070085BF1A /* SupplementaryView.swift */; };
		418602CD2BB96B0F0085BF1A /* CreateTrackerViewController.swift in Sources */ = {isa = PBXBuildFile; fileRef = 418602CC2BB96B0F0085BF1A /* CreateTrackerViewController.swift */; };
		418602CF2BB9D7930085BF1A /* CreateHabbitViewController.swift in Sources */ = {isa = PBXBuildFile; fileRef = 418602CE2BB9D7930085BF1A /* CreateHabbitViewController.swift */; };
		418602D12BBB47E90085BF1A /* CreateHabbitViewSettingsCell.swift in Sources */ = {isa = PBXBuildFile; fileRef = 418602D02BBB47E90085BF1A /* CreateHabbitViewSettingsCell.swift */; };
		418602D32BBC985B0085BF1A /* CreateEventViewController.swift in Sources */ = {isa = PBXBuildFile; fileRef = 418602D22BBC985B0085BF1A /* CreateEventViewController.swift */; };
		418602D62BBCA0060085BF1A /* SchedulerViewController.swift in Sources */ = {isa = PBXBuildFile; fileRef = 418602D52BBCA0060085BF1A /* SchedulerViewController.swift */; };
		418602D82BBDF67D0085BF1A /* WeekDaysModel.swift in Sources */ = {isa = PBXBuildFile; fileRef = 418602D72BBDF67D0085BF1A /* WeekDaysModel.swift */; };
		418602DA2BBDF87F0085BF1A /* SchedulerTableViewCell.swift in Sources */ = {isa = PBXBuildFile; fileRef = 418602D92BBDF87F0085BF1A /* SchedulerTableViewCell.swift */; };
		419D2CEF2BC2FF600092FB8D /* CategoryViewController.swift in Sources */ = {isa = PBXBuildFile; fileRef = 419D2CEE2BC2FF600092FB8D /* CategoryViewController.swift */; };
		419D2CF12BC3080B0092FB8D /* NewCategoryViewController.swift in Sources */ = {isa = PBXBuildFile; fileRef = 419D2CF02BC3080B0092FB8D /* NewCategoryViewController.swift */; };
		419D2CF32BC30D0D0092FB8D /* CategoryViewCell.swift in Sources */ = {isa = PBXBuildFile; fileRef = 419D2CF22BC30D0D0092FB8D /* CategoryViewCell.swift */; };
		419D2CF52BC30D800092FB8D /* IdentityCellEnum.swift in Sources */ = {isa = PBXBuildFile; fileRef = 419D2CF42BC30D800092FB8D /* IdentityCellEnum.swift */; };
		41AAD2D82BA77B3700A1D2E1 /* TrackerCollectionViewCell.swift in Sources */ = {isa = PBXBuildFile; fileRef = 41AAD2D72BA77B3700A1D2E1 /* TrackerCollectionViewCell.swift */; };
		41BB958D2BE7D1C300A84D89 /* TrackerStore.swift in Sources */ = {isa = PBXBuildFile; fileRef = 41BB958C2BE7D1C300A84D89 /* TrackerStore.swift */; };
		41BB958F2BE7D1D400A84D89 /* TrackerCategoryStore.swift in Sources */ = {isa = PBXBuildFile; fileRef = 41BB958E2BE7D1D400A84D89 /* TrackerCategoryStore.swift */; };
		41BB95912BE7D1F500A84D89 /* TrackerRecordStore.swift in Sources */ = {isa = PBXBuildFile; fileRef = 41BB95902BE7D1F500A84D89 /* TrackerRecordStore.swift */; };
		41BB95A82BED4A9400A84D89 /* DaysValueTransformer.swift in Sources */ = {isa = PBXBuildFile; fileRef = 41BB95A72BED4A9400A84D89 /* DaysValueTransformer.swift */; };
		41F1C4222B9A4B1100F7BC62 /* AppDelegate.swift in Sources */ = {isa = PBXBuildFile; fileRef = 41F1C4212B9A4B1100F7BC62 /* AppDelegate.swift */; };
		41F1C42B2B9A4B1200F7BC62 /* Assets.xcassets in Resources */ = {isa = PBXBuildFile; fileRef = 41F1C42A2B9A4B1200F7BC62 /* Assets.xcassets */; };
/* End PBXBuildFile section */

/* Begin PBXFileReference section */
		415B86802BD6B2B400A4BBFE /* TrackerModel.xcdatamodel */ = {isa = PBXFileReference; lastKnownFileType = wrapper.xcdatamodel; path = TrackerModel.xcdatamodel; sourceTree = "<group>"; };
		4163DABF2BD057EF00D05B41 /* CreateEventAndHabbitFactoryExtensions.swift */ = {isa = PBXFileReference; lastKnownFileType = sourcecode.swift; path = CreateEventAndHabbitFactoryExtensions.swift; sourceTree = "<group>"; };
		4163DAC12BD2832D00D05B41 /* CreateEventAndHabbitProtocol.swift */ = {isa = PBXFileReference; lastKnownFileType = sourcecode.swift; path = CreateEventAndHabbitProtocol.swift; sourceTree = "<group>"; };
		4163DAC32BD569AC00D05B41 /* EmojiAndColorViewCell.swift */ = {isa = PBXFileReference; lastKnownFileType = sourcecode.swift; path = EmojiAndColorViewCell.swift; sourceTree = "<group>"; };
		4163DAC52BD56C3600D05B41 /* UIColorExtensions.swift */ = {isa = PBXFileReference; lastKnownFileType = sourcecode.swift; path = UIColorExtensions.swift; sourceTree = "<group>"; };
		4168FFD12B9B86B4005EC9A4 /* TabBarController.swift */ = {isa = PBXFileReference; lastKnownFileType = sourcecode.swift; path = TabBarController.swift; sourceTree = "<group>"; };
		4168FFD32B9B8860005EC9A4 /* StatisticViewController.swift */ = {isa = PBXFileReference; lastKnownFileType = sourcecode.swift; path = StatisticViewController.swift; sourceTree = "<group>"; };
		4168FFD52B9B8BCA005EC9A4 /* TrackersViewController.swift */ = {isa = PBXFileReference; lastKnownFileType = sourcecode.swift; path = TrackersViewController.swift; sourceTree = "<group>"; };
		4168FFD82B9C7A1B005EC9A4 /* SplashViewController.swift */ = {isa = PBXFileReference; lastKnownFileType = sourcecode.swift; path = SplashViewController.swift; sourceTree = "<group>"; };
		4168FFDA2B9C7C9E005EC9A4 /* OnboardingViewController.swift */ = {isa = PBXFileReference; lastKnownFileType = sourcecode.swift; path = OnboardingViewController.swift; sourceTree = "<group>"; };
		41811A962BA358EC00339440 /* TrackerModel.swift */ = {isa = PBXFileReference; lastKnownFileType = sourcecode.swift; path = TrackerModel.swift; sourceTree = "<group>"; };
		41811A982BA3597100339440 /* TrackerCategoryModel.swift */ = {isa = PBXFileReference; lastKnownFileType = sourcecode.swift; path = TrackerCategoryModel.swift; sourceTree = "<group>"; };
		41811A9B2BA359BE00339440 /* TrackerRecordModel.swift */ = {isa = PBXFileReference; lastKnownFileType = sourcecode.swift; path = TrackerRecordModel.swift; sourceTree = "<group>"; };
		418602C92BB950070085BF1A /* SupplementaryView.swift */ = {isa = PBXFileReference; lastKnownFileType = sourcecode.swift; path = SupplementaryView.swift; sourceTree = "<group>"; };
		418602CC2BB96B0F0085BF1A /* CreateTrackerViewController.swift */ = {isa = PBXFileReference; lastKnownFileType = sourcecode.swift; path = CreateTrackerViewController.swift; sourceTree = "<group>"; };
		418602CE2BB9D7930085BF1A /* CreateHabbitViewController.swift */ = {isa = PBXFileReference; lastKnownFileType = sourcecode.swift; path = CreateHabbitViewController.swift; sourceTree = "<group>"; };
		418602D02BBB47E90085BF1A /* CreateHabbitViewSettingsCell.swift */ = {isa = PBXFileReference; lastKnownFileType = sourcecode.swift; path = CreateHabbitViewSettingsCell.swift; sourceTree = "<group>"; };
		418602D22BBC985B0085BF1A /* CreateEventViewController.swift */ = {isa = PBXFileReference; lastKnownFileType = sourcecode.swift; path = CreateEventViewController.swift; sourceTree = "<group>"; };
		418602D52BBCA0060085BF1A /* SchedulerViewController.swift */ = {isa = PBXFileReference; lastKnownFileType = sourcecode.swift; path = SchedulerViewController.swift; sourceTree = "<group>"; };
		418602D72BBDF67D0085BF1A /* WeekDaysModel.swift */ = {isa = PBXFileReference; lastKnownFileType = sourcecode.swift; path = WeekDaysModel.swift; sourceTree = "<group>"; };
		418602D92BBDF87F0085BF1A /* SchedulerTableViewCell.swift */ = {isa = PBXFileReference; lastKnownFileType = sourcecode.swift; path = SchedulerTableViewCell.swift; sourceTree = "<group>"; };
		419D2CEE2BC2FF600092FB8D /* CategoryViewController.swift */ = {isa = PBXFileReference; lastKnownFileType = sourcecode.swift; path = CategoryViewController.swift; sourceTree = "<group>"; };
		419D2CF02BC3080B0092FB8D /* NewCategoryViewController.swift */ = {isa = PBXFileReference; lastKnownFileType = sourcecode.swift; path = NewCategoryViewController.swift; sourceTree = "<group>"; };
		419D2CF22BC30D0D0092FB8D /* CategoryViewCell.swift */ = {isa = PBXFileReference; lastKnownFileType = sourcecode.swift; path = CategoryViewCell.swift; sourceTree = "<group>"; };
		419D2CF42BC30D800092FB8D /* IdentityCellEnum.swift */ = {isa = PBXFileReference; lastKnownFileType = sourcecode.swift; path = IdentityCellEnum.swift; sourceTree = "<group>"; };
		41AAD2D72BA77B3700A1D2E1 /* TrackerCollectionViewCell.swift */ = {isa = PBXFileReference; lastKnownFileType = sourcecode.swift; path = TrackerCollectionViewCell.swift; sourceTree = "<group>"; };
		41BB958C2BE7D1C300A84D89 /* TrackerStore.swift */ = {isa = PBXFileReference; lastKnownFileType = sourcecode.swift; path = TrackerStore.swift; sourceTree = "<group>"; };
		41BB958E2BE7D1D400A84D89 /* TrackerCategoryStore.swift */ = {isa = PBXFileReference; lastKnownFileType = sourcecode.swift; path = TrackerCategoryStore.swift; sourceTree = "<group>"; };
		41BB95902BE7D1F500A84D89 /* TrackerRecordStore.swift */ = {isa = PBXFileReference; lastKnownFileType = sourcecode.swift; path = TrackerRecordStore.swift; sourceTree = "<group>"; };
		41BB95A72BED4A9400A84D89 /* DaysValueTransformer.swift */ = {isa = PBXFileReference; lastKnownFileType = sourcecode.swift; path = DaysValueTransformer.swift; sourceTree = "<group>"; };
		41F1C41E2B9A4B1100F7BC62 /* Tracker.app */ = {isa = PBXFileReference; explicitFileType = wrapper.application; includeInIndex = 0; path = Tracker.app; sourceTree = BUILT_PRODUCTS_DIR; };
		41F1C4212B9A4B1100F7BC62 /* AppDelegate.swift */ = {isa = PBXFileReference; lastKnownFileType = sourcecode.swift; path = AppDelegate.swift; sourceTree = "<group>"; };
		41F1C42A2B9A4B1200F7BC62 /* Assets.xcassets */ = {isa = PBXFileReference; lastKnownFileType = folder.assetcatalog; path = Assets.xcassets; sourceTree = "<group>"; };
		41F1C42F2B9A4B1200F7BC62 /* Info.plist */ = {isa = PBXFileReference; lastKnownFileType = text.plist.xml; path = Info.plist; sourceTree = "<group>"; };
/* End PBXFileReference section */

/* Begin PBXFrameworksBuildPhase section */
		41F1C41B2B9A4B1100F7BC62 /* Frameworks */ = {
			isa = PBXFrameworksBuildPhase;
			buildActionMask = 2147483647;
			files = (
			);
			runOnlyForDeploymentPostprocessing = 0;
		};
/* End PBXFrameworksBuildPhase section */

/* Begin PBXGroup section */
		415B86852BD6B59700A4BBFE /* CoreData */ = {
			isa = PBXGroup;
			children = (
				41BB95A72BED4A9400A84D89 /* DaysValueTransformer.swift */,
				415B867F2BD6B2B400A4BBFE /* TrackerModel.xcdatamodeld */,
			);
			name = CoreData;
			sourceTree = "<group>";
		};
		4168FFCD2B9B7F04005EC9A4 /* ViewControllers */ = {
			isa = PBXGroup;
			children = (
				418602CB2BB96AEC0085BF1A /* CreateTrackerViewComtroller */,
				418602C62BB94E5F0085BF1A /* OnboardingViewController */,
				418602C52BB94E4F0085BF1A /* StatisticViewController */,
				41AAD2D42BA7591800A1D2E1 /* TrackersViewController */,
				4168FFD72B9C79F6005EC9A4 /* SplashController */,
				418602C92BB950070085BF1A /* SupplementaryView.swift */,
			);
			name = ViewControllers;
			sourceTree = "<group>";
		};
		4168FFD72B9C79F6005EC9A4 /* SplashController */ = {
			isa = PBXGroup;
			children = (
				4168FFD12B9B86B4005EC9A4 /* TabBarController.swift */,
				4168FFD82B9C7A1B005EC9A4 /* SplashViewController.swift */,
			);
			name = SplashController;
			sourceTree = "<group>";
		};
		41811A952BA358E200339440 /* Models */ = {
			isa = PBXGroup;
			children = (
				41811A9A2BA359A800339440 /* TrackerModel */,
				418602D72BBDF67D0085BF1A /* WeekDaysModel.swift */,
				419D2CF42BC30D800092FB8D /* IdentityCellEnum.swift */,
			);
			name = Models;
			sourceTree = "<group>";
		};
		41811A9A2BA359A800339440 /* TrackerModel */ = {
			isa = PBXGroup;
			children = (
				41811A962BA358EC00339440 /* TrackerModel.swift */,
				41811A982BA3597100339440 /* TrackerCategoryModel.swift */,
				41811A9B2BA359BE00339440 /* TrackerRecordModel.swift */,
			);
			name = TrackerModel;
			sourceTree = "<group>";
		};
		418602C42BB94E1E0085BF1A /* TrackerCollectionViewCell */ = {
			isa = PBXGroup;
			children = (
				41AAD2D72BA77B3700A1D2E1 /* TrackerCollectionViewCell.swift */,
			);
			name = TrackerCollectionViewCell;
			sourceTree = "<group>";
		};
		418602C52BB94E4F0085BF1A /* StatisticViewController */ = {
			isa = PBXGroup;
			children = (
				4168FFD32B9B8860005EC9A4 /* StatisticViewController.swift */,
			);
			name = StatisticViewController;
			sourceTree = "<group>";
		};
		418602C62BB94E5F0085BF1A /* OnboardingViewController */ = {
			isa = PBXGroup;
			children = (
				4168FFDA2B9C7C9E005EC9A4 /* OnboardingViewController.swift */,
			);
			name = OnboardingViewController;
			sourceTree = "<group>";
		};
		418602CB2BB96AEC0085BF1A /* CreateTrackerViewComtroller */ = {
			isa = PBXGroup;
			children = (
				419D2CF62BC310840092FB8D /* CreateEventAndHabbitViewController */,
				418602D42BBC9FEB0085BF1A /* ShedulerViewController */,
				419D2CED2BC2FF4E0092FB8D /* CategoryViewController */,
				418602CC2BB96B0F0085BF1A /* CreateTrackerViewController.swift */,
			);
			name = CreateTrackerViewComtroller;
			sourceTree = "<group>";
		};
		418602D42BBC9FEB0085BF1A /* ShedulerViewController */ = {
			isa = PBXGroup;
			children = (
				418602D52BBCA0060085BF1A /* SchedulerViewController.swift */,
				418602D92BBDF87F0085BF1A /* SchedulerTableViewCell.swift */,
			);
			name = ShedulerViewController;
			sourceTree = "<group>";
		};
		419D2CED2BC2FF4E0092FB8D /* CategoryViewController */ = {
			isa = PBXGroup;
			children = (
				419D2CEE2BC2FF600092FB8D /* CategoryViewController.swift */,
				419D2CF02BC3080B0092FB8D /* NewCategoryViewController.swift */,
				419D2CF22BC30D0D0092FB8D /* CategoryViewCell.swift */,
			);
			name = CategoryViewController;
			sourceTree = "<group>";
		};
		419D2CF62BC310840092FB8D /* CreateEventAndHabbitViewController */ = {
			isa = PBXGroup;
			children = (
				4163DABF2BD057EF00D05B41 /* CreateEventAndHabbitFactoryExtensions.swift */,
				418602D22BBC985B0085BF1A /* CreateEventViewController.swift */,
				418602CE2BB9D7930085BF1A /* CreateHabbitViewController.swift */,
				418602D02BBB47E90085BF1A /* CreateHabbitViewSettingsCell.swift */,
				4163DAC12BD2832D00D05B41 /* CreateEventAndHabbitProtocol.swift */,
				4163DAC32BD569AC00D05B41 /* EmojiAndColorViewCell.swift */,
			);
			name = CreateEventAndHabbitViewController;
			sourceTree = "<group>";
		};
		419D2CF82BC3187A0092FB8D /* Services */ = {
			isa = PBXGroup;
			children = (
				4163DAC52BD56C3600D05B41 /* UIColorExtensions.swift */,
				41BB958C2BE7D1C300A84D89 /* TrackerStore.swift */,
				41BB958E2BE7D1D400A84D89 /* TrackerCategoryStore.swift */,
				41BB95902BE7D1F500A84D89 /* TrackerRecordStore.swift */,
			);
			name = Services;
			sourceTree = "<group>";
		};
		41AAD2D42BA7591800A1D2E1 /* TrackersViewController */ = {
			isa = PBXGroup;
			children = (
				418602C42BB94E1E0085BF1A /* TrackerCollectionViewCell */,
				4168FFD52B9B8BCA005EC9A4 /* TrackersViewController.swift */,
			);
			name = TrackersViewController;
			sourceTree = "<group>";
		};
		41F1C4152B9A4B1100F7BC62 = {
			isa = PBXGroup;
			children = (
				41F1C4202B9A4B1100F7BC62 /* Tracker */,
				41F1C41F2B9A4B1100F7BC62 /* Products */,
			);
			sourceTree = "<group>";
		};
		41F1C41F2B9A4B1100F7BC62 /* Products */ = {
			isa = PBXGroup;
			children = (
				41F1C41E2B9A4B1100F7BC62 /* Tracker.app */,
			);
			name = Products;
			sourceTree = "<group>";
		};
		41F1C4202B9A4B1100F7BC62 /* Tracker */ = {
			isa = PBXGroup;
			children = (
				415B86852BD6B59700A4BBFE /* CoreData */,
				419D2CF82BC3187A0092FB8D /* Services */,
				41811A952BA358E200339440 /* Models */,
				4168FFCD2B9B7F04005EC9A4 /* ViewControllers */,
				41F1C4212B9A4B1100F7BC62 /* AppDelegate.swift */,
				41F1C42A2B9A4B1200F7BC62 /* Assets.xcassets */,
				41F1C42F2B9A4B1200F7BC62 /* Info.plist */,
			);
			path = Tracker;
			sourceTree = "<group>";
		};
/* End PBXGroup section */

/* Begin PBXNativeTarget section */
		41F1C41D2B9A4B1100F7BC62 /* Tracker */ = {
			isa = PBXNativeTarget;
			buildConfigurationList = 41F1C4322B9A4B1200F7BC62 /* Build configuration list for PBXNativeTarget "Tracker" */;
			buildPhases = (
				41F1C41A2B9A4B1100F7BC62 /* Sources */,
				41F1C41B2B9A4B1100F7BC62 /* Frameworks */,
				41F1C41C2B9A4B1100F7BC62 /* Resources */,
				4168FFD02B9B81E5005EC9A4 /* ShellScript */,
			);
			buildRules = (
			);
			dependencies = (
			);
			name = Tracker;
			productName = Tracker;
			productReference = 41F1C41E2B9A4B1100F7BC62 /* Tracker.app */;
			productType = "com.apple.product-type.application";
		};
/* End PBXNativeTarget section */

/* Begin PBXProject section */
		41F1C4162B9A4B1100F7BC62 /* Project object */ = {
			isa = PBXProject;
			attributes = {
				BuildIndependentTargetsInParallel = 1;
				LastSwiftUpdateCheck = 1530;
				LastUpgradeCheck = 1530;
				TargetAttributes = {
					41F1C41D2B9A4B1100F7BC62 = {
						CreatedOnToolsVersion = 15.3;
					};
				};
			};
			buildConfigurationList = 41F1C4192B9A4B1100F7BC62 /* Build configuration list for PBXProject "Tracker" */;
			compatibilityVersion = "Xcode 14.0";
			developmentRegion = en;
			hasScannedForEncodings = 0;
			knownRegions = (
				en,
				Base,
			);
			mainGroup = 41F1C4152B9A4B1100F7BC62;
			productRefGroup = 41F1C41F2B9A4B1100F7BC62 /* Products */;
			projectDirPath = "";
			projectRoot = "";
			targets = (
				41F1C41D2B9A4B1100F7BC62 /* Tracker */,
			);
		};
/* End PBXProject section */

/* Begin PBXResourcesBuildPhase section */
		41F1C41C2B9A4B1100F7BC62 /* Resources */ = {
			isa = PBXResourcesBuildPhase;
			buildActionMask = 2147483647;
			files = (
				41F1C42B2B9A4B1200F7BC62 /* Assets.xcassets in Resources */,
			);
			runOnlyForDeploymentPostprocessing = 0;
		};
/* End PBXResourcesBuildPhase section */

/* Begin PBXShellScriptBuildPhase section */
		4168FFD02B9B81E5005EC9A4 /* ShellScript */ = {
			isa = PBXShellScriptBuildPhase;
			alwaysOutOfDate = 1;
			buildActionMask = 2147483647;
			files = (
			);
			inputFileListPaths = (
			);
			inputPaths = (
			);
			outputFileListPaths = (
			);
			outputPaths = (
			);
			runOnlyForDeploymentPostprocessing = 0;
			shellPath = /bin/sh;
			shellScript = "export PATH=\"/opt/homebrew/bin:$PATH\"\n\nif which swiftlint > /dev/null; then\n  swiftlint\nelse\n  echo \"warning: SwiftLint not installed, download from https://github.com/realm/SwiftLint\"\nfi\n";
		};
/* End PBXShellScriptBuildPhase section */

/* Begin PBXSourcesBuildPhase section */
		41F1C41A2B9A4B1100F7BC62 /* Sources */ = {
			isa = PBXSourcesBuildPhase;
			buildActionMask = 2147483647;
			files = (
				4163DAC62BD56C3600D05B41 /* UIColorExtensions.swift in Sources */,
				419D2CF32BC30D0D0092FB8D /* CategoryViewCell.swift in Sources */,
				419D2CEF2BC2FF600092FB8D /* CategoryViewController.swift in Sources */,
				41BB958D2BE7D1C300A84D89 /* TrackerStore.swift in Sources */,
				41811A992BA3597100339440 /* TrackerCategoryModel.swift in Sources */,
				41AAD2D82BA77B3700A1D2E1 /* TrackerCollectionViewCell.swift in Sources */,
				419D2CF12BC3080B0092FB8D /* NewCategoryViewController.swift in Sources */,
				4168FFD22B9B86B4005EC9A4 /* TabBarController.swift in Sources */,
				41F1C4222B9A4B1100F7BC62 /* AppDelegate.swift in Sources */,
				4168FFD62B9B8BCA005EC9A4 /* TrackersViewController.swift in Sources */,
				418602CA2BB950070085BF1A /* SupplementaryView.swift in Sources */,
				4168FFD92B9C7A1B005EC9A4 /* SplashViewController.swift in Sources */,
				418602CF2BB9D7930085BF1A /* CreateHabbitViewController.swift in Sources */,
				418602D62BBCA0060085BF1A /* SchedulerViewController.swift in Sources */,
				418602D82BBDF67D0085BF1A /* WeekDaysModel.swift in Sources */,
				4163DAC22BD2832D00D05B41 /* CreateEventAndHabbitProtocol.swift in Sources */,
				418602D12BBB47E90085BF1A /* CreateHabbitViewSettingsCell.swift in Sources */,
				41811A9C2BA359BE00339440 /* TrackerRecordModel.swift in Sources */,
				41811A972BA358EC00339440 /* TrackerModel.swift in Sources */,
				41BB95A82BED4A9400A84D89 /* DaysValueTransformer.swift in Sources */,
				418602CD2BB96B0F0085BF1A /* CreateTrackerViewController.swift in Sources */,
				41BB95912BE7D1F500A84D89 /* TrackerRecordStore.swift in Sources */,
				4163DAC42BD569AC00D05B41 /* EmojiAndColorViewCell.swift in Sources */,
				4168FFDB2B9C7C9E005EC9A4 /* OnboardingViewController.swift in Sources */,
				419D2CF52BC30D800092FB8D /* IdentityCellEnum.swift in Sources */,
				418602DA2BBDF87F0085BF1A /* SchedulerTableViewCell.swift in Sources */,
				4163DAC02BD057EF00D05B41 /* CreateEventAndHabbitFactoryExtensions.swift in Sources */,
				41BB958F2BE7D1D400A84D89 /* TrackerCategoryStore.swift in Sources */,
				4168FFD42B9B8860005EC9A4 /* StatisticViewController.swift in Sources */,
				415B86812BD6B2B400A4BBFE /* TrackerModel.xcdatamodeld in Sources */,
				418602D32BBC985B0085BF1A /* CreateEventViewController.swift in Sources */,
			);
			runOnlyForDeploymentPostprocessing = 0;
		};
/* End PBXSourcesBuildPhase section */

/* Begin XCBuildConfiguration section */
		41F1C4302B9A4B1200F7BC62 /* Debug */ = {
			isa = XCBuildConfiguration;
			buildSettings = {
				ALWAYS_SEARCH_USER_PATHS = NO;
				ASSETCATALOG_COMPILER_GENERATE_SWIFT_ASSET_SYMBOL_EXTENSIONS = YES;
				CLANG_ANALYZER_NONNULL = YES;
				CLANG_ANALYZER_NUMBER_OBJECT_CONVERSION = YES_AGGRESSIVE;
				CLANG_CXX_LANGUAGE_STANDARD = "gnu++20";
				CLANG_ENABLE_MODULES = YES;
				CLANG_ENABLE_OBJC_ARC = YES;
				CLANG_ENABLE_OBJC_WEAK = YES;
				CLANG_WARN_BLOCK_CAPTURE_AUTORELEASING = YES;
				CLANG_WARN_BOOL_CONVERSION = YES;
				CLANG_WARN_COMMA = YES;
				CLANG_WARN_CONSTANT_CONVERSION = YES;
				CLANG_WARN_DEPRECATED_OBJC_IMPLEMENTATIONS = YES;
				CLANG_WARN_DIRECT_OBJC_ISA_USAGE = YES_ERROR;
				CLANG_WARN_DOCUMENTATION_COMMENTS = YES;
				CLANG_WARN_EMPTY_BODY = YES;
				CLANG_WARN_ENUM_CONVERSION = YES;
				CLANG_WARN_INFINITE_RECURSION = YES;
				CLANG_WARN_INT_CONVERSION = YES;
				CLANG_WARN_NON_LITERAL_NULL_CONVERSION = YES;
				CLANG_WARN_OBJC_IMPLICIT_RETAIN_SELF = YES;
				CLANG_WARN_OBJC_LITERAL_CONVERSION = YES;
				CLANG_WARN_OBJC_ROOT_CLASS = YES_ERROR;
				CLANG_WARN_QUOTED_INCLUDE_IN_FRAMEWORK_HEADER = YES;
				CLANG_WARN_RANGE_LOOP_ANALYSIS = YES;
				CLANG_WARN_STRICT_PROTOTYPES = YES;
				CLANG_WARN_SUSPICIOUS_MOVE = YES;
				CLANG_WARN_UNGUARDED_AVAILABILITY = YES_AGGRESSIVE;
				CLANG_WARN_UNREACHABLE_CODE = YES;
				CLANG_WARN__DUPLICATE_METHOD_MATCH = YES;
				COPY_PHASE_STRIP = NO;
				DEBUG_INFORMATION_FORMAT = dwarf;
				ENABLE_STRICT_OBJC_MSGSEND = YES;
				ENABLE_TESTABILITY = YES;
				ENABLE_USER_SCRIPT_SANDBOXING = YES;
				GCC_C_LANGUAGE_STANDARD = gnu17;
				GCC_DYNAMIC_NO_PIC = NO;
				GCC_NO_COMMON_BLOCKS = YES;
				GCC_OPTIMIZATION_LEVEL = 0;
				GCC_PREPROCESSOR_DEFINITIONS = (
					"DEBUG=1",
					"$(inherited)",
				);
				GCC_WARN_64_TO_32_BIT_CONVERSION = YES;
				GCC_WARN_ABOUT_RETURN_TYPE = YES_ERROR;
				GCC_WARN_UNDECLARED_SELECTOR = YES;
				GCC_WARN_UNINITIALIZED_AUTOS = YES_AGGRESSIVE;
				GCC_WARN_UNUSED_FUNCTION = YES;
				GCC_WARN_UNUSED_VARIABLE = YES;
				IPHONEOS_DEPLOYMENT_TARGET = 13.4;
				LOCALIZATION_PREFERS_STRING_CATALOGS = YES;
				MTL_ENABLE_DEBUG_INFO = INCLUDE_SOURCE;
				MTL_FAST_MATH = YES;
				ONLY_ACTIVE_ARCH = YES;
				SDKROOT = iphoneos;
				SWIFT_ACTIVE_COMPILATION_CONDITIONS = "DEBUG $(inherited)";
				SWIFT_OPTIMIZATION_LEVEL = "-Onone";
			};
			name = Debug;
		};
		41F1C4312B9A4B1200F7BC62 /* Release */ = {
			isa = XCBuildConfiguration;
			buildSettings = {
				ALWAYS_SEARCH_USER_PATHS = NO;
				ASSETCATALOG_COMPILER_GENERATE_SWIFT_ASSET_SYMBOL_EXTENSIONS = YES;
				CLANG_ANALYZER_NONNULL = YES;
				CLANG_ANALYZER_NUMBER_OBJECT_CONVERSION = YES_AGGRESSIVE;
				CLANG_CXX_LANGUAGE_STANDARD = "gnu++20";
				CLANG_ENABLE_MODULES = YES;
				CLANG_ENABLE_OBJC_ARC = YES;
				CLANG_ENABLE_OBJC_WEAK = YES;
				CLANG_WARN_BLOCK_CAPTURE_AUTORELEASING = YES;
				CLANG_WARN_BOOL_CONVERSION = YES;
				CLANG_WARN_COMMA = YES;
				CLANG_WARN_CONSTANT_CONVERSION = YES;
				CLANG_WARN_DEPRECATED_OBJC_IMPLEMENTATIONS = YES;
				CLANG_WARN_DIRECT_OBJC_ISA_USAGE = YES_ERROR;
				CLANG_WARN_DOCUMENTATION_COMMENTS = YES;
				CLANG_WARN_EMPTY_BODY = YES;
				CLANG_WARN_ENUM_CONVERSION = YES;
				CLANG_WARN_INFINITE_RECURSION = YES;
				CLANG_WARN_INT_CONVERSION = YES;
				CLANG_WARN_NON_LITERAL_NULL_CONVERSION = YES;
				CLANG_WARN_OBJC_IMPLICIT_RETAIN_SELF = YES;
				CLANG_WARN_OBJC_LITERAL_CONVERSION = YES;
				CLANG_WARN_OBJC_ROOT_CLASS = YES_ERROR;
				CLANG_WARN_QUOTED_INCLUDE_IN_FRAMEWORK_HEADER = YES;
				CLANG_WARN_RANGE_LOOP_ANALYSIS = YES;
				CLANG_WARN_STRICT_PROTOTYPES = YES;
				CLANG_WARN_SUSPICIOUS_MOVE = YES;
				CLANG_WARN_UNGUARDED_AVAILABILITY = YES_AGGRESSIVE;
				CLANG_WARN_UNREACHABLE_CODE = YES;
				CLANG_WARN__DUPLICATE_METHOD_MATCH = YES;
				COPY_PHASE_STRIP = NO;
				DEBUG_INFORMATION_FORMAT = "dwarf-with-dsym";
				ENABLE_NS_ASSERTIONS = NO;
				ENABLE_STRICT_OBJC_MSGSEND = YES;
				ENABLE_USER_SCRIPT_SANDBOXING = YES;
				GCC_C_LANGUAGE_STANDARD = gnu17;
				GCC_NO_COMMON_BLOCKS = YES;
				GCC_WARN_64_TO_32_BIT_CONVERSION = YES;
				GCC_WARN_ABOUT_RETURN_TYPE = YES_ERROR;
				GCC_WARN_UNDECLARED_SELECTOR = YES;
				GCC_WARN_UNINITIALIZED_AUTOS = YES_AGGRESSIVE;
				GCC_WARN_UNUSED_FUNCTION = YES;
				GCC_WARN_UNUSED_VARIABLE = YES;
				IPHONEOS_DEPLOYMENT_TARGET = 13.4;
				LOCALIZATION_PREFERS_STRING_CATALOGS = YES;
				MTL_ENABLE_DEBUG_INFO = NO;
				MTL_FAST_MATH = YES;
				SDKROOT = iphoneos;
				SWIFT_COMPILATION_MODE = wholemodule;
				VALIDATE_PRODUCT = YES;
			};
			name = Release;
		};
		41F1C4332B9A4B1200F7BC62 /* Debug */ = {
			isa = XCBuildConfiguration;
			buildSettings = {
				ASSETCATALOG_COMPILER_APPICON_NAME = AppIcon;
				ASSETCATALOG_COMPILER_GLOBAL_ACCENT_COLOR_NAME = AccentColor;
				CODE_SIGN_STYLE = Automatic;
				CURRENT_PROJECT_VERSION = 1;
				DEVELOPMENT_TEAM = CQNTWDSGK9;
				ENABLE_USER_SCRIPT_SANDBOXING = NO;
				GENERATE_INFOPLIST_FILE = YES;
				INFOPLIST_FILE = Tracker/Info.plist;
				INFOPLIST_KEY_UIApplicationSupportsIndirectInputEvents = YES;
				INFOPLIST_KEY_UISupportedInterfaceOrientations = "UIInterfaceOrientationLandscapeLeft UIInterfaceOrientationLandscapeRight UIInterfaceOrientationPortrait";
				IPHONEOS_DEPLOYMENT_TARGET = 13.4;
				LD_RUNPATH_SEARCH_PATHS = (
					"$(inherited)",
					"@executable_path/Frameworks",
				);
				MARKETING_VERSION = 1.0;
				PRODUCT_BUNDLE_IDENTIFIER = com.wonsarc.Tracker;
				PRODUCT_NAME = "$(TARGET_NAME)";
				SUPPORTED_PLATFORMS = "iphoneos iphonesimulator";
				SUPPORTS_MACCATALYST = NO;
				SUPPORTS_MAC_DESIGNED_FOR_IPHONE_IPAD = NO;
				SUPPORTS_XR_DESIGNED_FOR_IPHONE_IPAD = NO;
				SWIFT_EMIT_LOC_STRINGS = YES;
				SWIFT_VERSION = 5.0;
				TARGETED_DEVICE_FAMILY = 1;
			};
			name = Debug;
		};
		41F1C4342B9A4B1200F7BC62 /* Release */ = {
			isa = XCBuildConfiguration;
			buildSettings = {
				ASSETCATALOG_COMPILER_APPICON_NAME = AppIcon;
				ASSETCATALOG_COMPILER_GLOBAL_ACCENT_COLOR_NAME = AccentColor;
				CODE_SIGN_STYLE = Automatic;
				CURRENT_PROJECT_VERSION = 1;
				DEVELOPMENT_TEAM = CQNTWDSGK9;
				ENABLE_USER_SCRIPT_SANDBOXING = NO;
				GENERATE_INFOPLIST_FILE = YES;
				INFOPLIST_FILE = Tracker/Info.plist;
				INFOPLIST_KEY_UIApplicationSupportsIndirectInputEvents = YES;
				INFOPLIST_KEY_UISupportedInterfaceOrientations = "UIInterfaceOrientationLandscapeLeft UIInterfaceOrientationLandscapeRight UIInterfaceOrientationPortrait";
				IPHONEOS_DEPLOYMENT_TARGET = 13.4;
				LD_RUNPATH_SEARCH_PATHS = (
					"$(inherited)",
					"@executable_path/Frameworks",
				);
				MARKETING_VERSION = 1.0;
				PRODUCT_BUNDLE_IDENTIFIER = com.wonsarc.Tracker;
				PRODUCT_NAME = "$(TARGET_NAME)";
				SUPPORTED_PLATFORMS = "iphoneos iphonesimulator";
				SUPPORTS_MACCATALYST = NO;
				SUPPORTS_MAC_DESIGNED_FOR_IPHONE_IPAD = NO;
				SUPPORTS_XR_DESIGNED_FOR_IPHONE_IPAD = NO;
				SWIFT_EMIT_LOC_STRINGS = YES;
				SWIFT_VERSION = 5.0;
				TARGETED_DEVICE_FAMILY = 1;
			};
			name = Release;
		};
/* End XCBuildConfiguration section */

/* Begin XCConfigurationList section */
		41F1C4192B9A4B1100F7BC62 /* Build configuration list for PBXProject "Tracker" */ = {
			isa = XCConfigurationList;
			buildConfigurations = (
				41F1C4302B9A4B1200F7BC62 /* Debug */,
				41F1C4312B9A4B1200F7BC62 /* Release */,
			);
			defaultConfigurationIsVisible = 0;
			defaultConfigurationName = Release;
		};
		41F1C4322B9A4B1200F7BC62 /* Build configuration list for PBXNativeTarget "Tracker" */ = {
			isa = XCConfigurationList;
			buildConfigurations = (
				41F1C4332B9A4B1200F7BC62 /* Debug */,
				41F1C4342B9A4B1200F7BC62 /* Release */,
			);
			defaultConfigurationIsVisible = 0;
			defaultConfigurationName = Release;
		};
/* End XCConfigurationList section */

/* Begin XCVersionGroup section */
		415B867F2BD6B2B400A4BBFE /* TrackerModel.xcdatamodeld */ = {
			isa = XCVersionGroup;
			children = (
				415B86802BD6B2B400A4BBFE /* TrackerModel.xcdatamodel */,
			);
			currentVersion = 415B86802BD6B2B400A4BBFE /* TrackerModel.xcdatamodel */;
			path = TrackerModel.xcdatamodeld;
			sourceTree = "<group>";
			versionGroupType = wrapper.xcdatamodel;
		};
/* End XCVersionGroup section */
	};
	rootObject = 41F1C4162B9A4B1100F7BC62 /* Project object */;
}
